PODS:
  - FBSnapshotTestCase (2.1.4):
    - FBSnapshotTestCase/SwiftSupport (= 2.1.4)
  - FBSnapshotTestCase/Core (2.1.4)
  - FBSnapshotTestCase/SwiftSupport (2.1.4):
    - FBSnapshotTestCase/Core
  - Masonry (1.0.2)
  - YYCategories (1.0.4):
    - YYCategories/no-arc (= 1.0.4)
  - YYCategories/no-arc (1.0.4)
  - ZMJImageEditor (0.2.4):
    - Masonry (~> 1.0.1)
    - YYCategories (~> 1.0.4)

DEPENDENCIES:
  - FBSnapshotTestCase
  - ZMJImageEditor (from `../`)

EXTERNAL SOURCES:
  ZMJImageEditor:
    :path: ../

SPEC CHECKSUMS:
  FBSnapshotTestCase: 094f9f314decbabe373b87cc339bea235a63e07a
  Masonry: 7c429b56da9d4ee0bbb3ed77a5ea710d6a5df39e
  YYCategories: 6bcd4314c6661a561410dce4a793379ebd306abd
  ZMJImageEditor: 323cda566291ba8bf86918999ad7ef11ecd695de

PODFILE CHECKSUM: 3c1d7a8afef6c42e332459f25ea9f8fb135c636f

COCOAPODS: 1.4.0
